
Microsoft Visual Studio Solution File, Format Version 12.00
# Visual Studio 15
VisualStudioVersion = 15.0.27428.2011
MinimumVisualStudioVersion = 10.0.40219.1
Project("{FAE04EC0-301F-11D3-BF4B-00C04F79EFBC}") = "Email_Setting", "Email_Setting\Email_Setting.csproj", "{E57D2050-1951-4C1F-9333-F378B9EEF62E}"
EndProject
Global
	GlobalSection(SolutionConfigurationPlatforms) = preSolution
		Debug|Any CPU = Debug|Any CPU
		Release|Any CPU = Release|Any CPU
	EndGlobalSection
	GlobalSection(ProjectConfigurationPlatforms) = postSolution
		{E57D2050-1951-4C1F-9333-F378B9EEF62E}.Debug|Any CPU.ActiveCfg = Debug|Any CPU
		{E57D2050-1951-4C1F-9333-F378B9EEF62E}.Debug|Any CPU.Build.0 = Debug|Any CPU
		{E57D2050-1951-4C1F-9333-F378B9EEF62E}.Release|Any CPU.ActiveCfg = Release|Any CPU
		{E57D2050-1951-4C1F-9333-F378B9EEF62E}.Release|Any CPU.Build.0 = Release|Any CPU
	EndGlobalSection
	GlobalSection(SolutionProperties) = preSolution
		HideSolutionNode = FALSE
	EndGlobalSection
	GlobalSection(ExtensibilityGlobals) = postSolution
		SolutionGuid = {5E9B7034-5E50-4B52-B037-E01CDD7F7350}
	EndGlobalSection
EndGlobal
